
Microsoft Visual Studio Solution File, Format Version 12.00
# Visual Studio Version 17
VisualStudioVersion = 17.3.32929.385
MinimumVisualStudioVersion = 10.0.40219.1
Project("{FAE04EC0-301F-11D3-BF4B-00C04F79EFBC}") = "MatrixEntranceAndExit", "MatrixEntranceAndExit\MatrixEntranceAndExit.csproj", "{B6B585E9-207C-4EE7-880A-B42427C0CDFF}"
EndProject
Project("{FAE04EC0-301F-11D3-BF4B-00C04F79EFBC}") = "AverageOfRows", "AverageOfRows\AverageOfRows.csproj", "{5E75FBB2-2E06-44E9-B1DD-034D351370DD}"
EndProject
Project("{FAE04EC0-301F-11D3-BF4B-00C04F79EFBC}") = "MinOfCols", "MinOfCols\MinOfCols.csproj", "{0313D01E-A564-4E30-AE2A-85F9F8DA6DB2}"
EndProject
Project("{FAE04EC0-301F-11D3-BF4B-00C04F79EFBC}") = "MaxPloshtadka", "MaxPloshtadka\MaxPloshtadka.csproj", "{5328FDD7-4F11-4711-8BC4-2A927514356C}"
EndProject
Project("{FAE04EC0-301F-11D3-BF4B-00C04F79EFBC}") = "TicTacToe", "TicTacToe\TicTacToe.csproj", "{E3427E31-816C-44D2-9C5C-D8E9EB8A018F}"
EndProject
Project("{FAE04EC0-301F-11D3-BF4B-00C04F79EFBC}") = "PascalTriangle", "PascalTriangle\PascalTriangle.csproj", "{8498124E-6902-4AC8-9582-4E3381BA59B4}"
EndProject
Project("{FAE04EC0-301F-11D3-BF4B-00C04F79EFBC}") = "Tables", "Tables\Tables.csproj", "{20E414F3-93D9-45DE-9358-3FF1392AA6EF}"
EndProject
Global
	GlobalSection(SolutionConfigurationPlatforms) = preSolution
		Debug|Any CPU = Debug|Any CPU
		Release|Any CPU = Release|Any CPU
	EndGlobalSection
	GlobalSection(ProjectConfigurationPlatforms) = postSolution
		{B6B585E9-207C-4EE7-880A-B42427C0CDFF}.Debug|Any CPU.ActiveCfg = Debug|Any CPU
		{B6B585E9-207C-4EE7-880A-B42427C0CDFF}.Debug|Any CPU.Build.0 = Debug|Any CPU
		{B6B585E9-207C-4EE7-880A-B42427C0CDFF}.Release|Any CPU.ActiveCfg = Release|Any CPU
		{B6B585E9-207C-4EE7-880A-B42427C0CDFF}.Release|Any CPU.Build.0 = Release|Any CPU
		{5E75FBB2-2E06-44E9-B1DD-034D351370DD}.Debug|Any CPU.ActiveCfg = Debug|Any CPU
		{5E75FBB2-2E06-44E9-B1DD-034D351370DD}.Debug|Any CPU.Build.0 = Debug|Any CPU
		{5E75FBB2-2E06-44E9-B1DD-034D351370DD}.Release|Any CPU.ActiveCfg = Release|Any CPU
		{5E75FBB2-2E06-44E9-B1DD-034D351370DD}.Release|Any CPU.Build.0 = Release|Any CPU
		{0313D01E-A564-4E30-AE2A-85F9F8DA6DB2}.Debug|Any CPU.ActiveCfg = Debug|Any CPU
		{0313D01E-A564-4E30-AE2A-85F9F8DA6DB2}.Debug|Any CPU.Build.0 = Debug|Any CPU
		{0313D01E-A564-4E30-AE2A-85F9F8DA6DB2}.Release|Any CPU.ActiveCfg = Release|Any CPU
		{0313D01E-A564-4E30-AE2A-85F9F8DA6DB2}.Release|Any CPU.Build.0 = Release|Any CPU
		{5328FDD7-4F11-4711-8BC4-2A927514356C}.Debug|Any CPU.ActiveCfg = Debug|Any CPU
		{5328FDD7-4F11-4711-8BC4-2A927514356C}.Debug|Any CPU.Build.0 = Debug|Any CPU
		{5328FDD7-4F11-4711-8BC4-2A927514356C}.Release|Any CPU.ActiveCfg = Release|Any CPU
		{5328FDD7-4F11-4711-8BC4-2A927514356C}.Release|Any CPU.Build.0 = Release|Any CPU
		{E3427E31-816C-44D2-9C5C-D8E9EB8A018F}.Debug|Any CPU.ActiveCfg = Debug|Any CPU
		{E3427E31-816C-44D2-9C5C-D8E9EB8A018F}.Debug|Any CPU.Build.0 = Debug|Any CPU
		{E3427E31-816C-44D2-9C5C-D8E9EB8A018F}.Release|Any CPU.ActiveCfg = Release|Any CPU
		{E3427E31-816C-44D2-9C5C-D8E9EB8A018F}.Release|Any CPU.Build.0 = Release|Any CPU
		{8498124E-6902-4AC8-9582-4E3381BA59B4}.Debug|Any CPU.ActiveCfg = Debug|Any CPU
		{8498124E-6902-4AC8-9582-4E3381BA59B4}.Debug|Any CPU.Build.0 = Debug|Any CPU
		{8498124E-6902-4AC8-9582-4E3381BA59B4}.Release|Any CPU.ActiveCfg = Release|Any CPU
		{8498124E-6902-4AC8-9582-4E3381BA59B4}.Release|Any CPU.Build.0 = Release|Any CPU
		{20E414F3-93D9-45DE-9358-3FF1392AA6EF}.Debug|Any CPU.ActiveCfg = Debug|Any CPU
		{20E414F3-93D9-45DE-9358-3FF1392AA6EF}.Debug|Any CPU.Build.0 = Debug|Any CPU
		{20E414F3-93D9-45DE-9358-3FF1392AA6EF}.Release|Any CPU.ActiveCfg = Release|Any CPU
		{20E414F3-93D9-45DE-9358-3FF1392AA6EF}.Release|Any CPU.Build.0 = Release|Any CPU
	EndGlobalSection
	GlobalSection(SolutionProperties) = preSolution
		HideSolutionNode = FALSE
	EndGlobalSection
	GlobalSection(ExtensibilityGlobals) = postSolution
		SolutionGuid = {F247309B-8822-4312-BB22-55808A40C3ED}
	EndGlobalSection
EndGlobal
